
Microsoft Visual Studio Solution File, Format Version 12.00
# Visual Studio Version 17
VisualStudioVersion = 17.0.31903.59
MinimumVisualStudioVersion = 10.0.40219.1
Project("{2150E333-8FDC-42A3-9474-1A3956D46DE8}") = "src", "src", "{827E0CD3-B72D-47B6-A68D-7590B98EB39B}"
EndProject
Project("{FAE04EC0-301F-11D3-BF4B-00C04F79EFBC}") = "Solar.Domain", "src\Solar.Domain\Solar.Domain.csproj", "{DE8F65E6-17AC-4417-BF83-762C12884A64}"
EndProject
Project("{FAE04EC0-301F-11D3-BF4B-00C04F79EFBC}") = "Solar.Application", "src\Solar.Application\Solar.Application.csproj", "{50D71795-5BA0-4783-97E2-BEC459096D49}"
EndProject
Project("{FAE04EC0-301F-11D3-BF4B-00C04F79EFBC}") = "Solar.Infrastructure", "src\Solar.Infrastructure\Solar.Infrastructure.csproj", "{360CD69B-C9DB-4160-BCF2-AAD4216CDB2C}"
EndProject
Project("{FAE04EC0-301F-11D3-BF4B-00C04F79EFBC}") = "Solar.WebApi", "src\Solar.WebApi\Solar.WebApi.csproj", "{638A511F-DC22-4325-AAF0-AFDF7942E0CC}"
EndProject
Project("{2150E333-8FDC-42A3-9474-1A3956D46DE8}") = "tests", "tests", "{0AB3BF05-4346-4AA6-1389-037BE0695223}"
EndProject
Project("{FAE04EC0-301F-11D3-BF4B-00C04F79EFBC}") = "Solar.Domain.Tests", "tests\Solar.Domain.Tests\Solar.Domain.Tests.csproj", "{CCD2E03E-EEAF-46BA-8EBB-8B9E6BB171A4}"
EndProject
Project("{FAE04EC0-301F-11D3-BF4B-00C04F79EFBC}") = "Solar.WebApi.Tests", "tests\Solar.WebApi.Tests\Solar.WebApi.Tests.csproj", "{46A1184A-45DB-4935-B5C7-5DF23A908362}"
EndProject
Global
	GlobalSection(SolutionConfigurationPlatforms) = preSolution
		Debug|Any CPU = Debug|Any CPU
		Debug|x64 = Debug|x64
		Debug|x86 = Debug|x86
		Release|Any CPU = Release|Any CPU
		Release|x64 = Release|x64
		Release|x86 = Release|x86
	EndGlobalSection
	GlobalSection(ProjectConfigurationPlatforms) = postSolution
		{DE8F65E6-17AC-4417-BF83-762C12884A64}.Debug|Any CPU.ActiveCfg = Debug|Any CPU
		{DE8F65E6-17AC-4417-BF83-762C12884A64}.Debug|Any CPU.Build.0 = Debug|Any CPU
		{DE8F65E6-17AC-4417-BF83-762C12884A64}.Debug|x64.ActiveCfg = Debug|Any CPU
		{DE8F65E6-17AC-4417-BF83-762C12884A64}.Debug|x64.Build.0 = Debug|Any CPU
		{DE8F65E6-17AC-4417-BF83-762C12884A64}.Debug|x86.ActiveCfg = Debug|Any CPU
		{DE8F65E6-17AC-4417-BF83-762C12884A64}.Debug|x86.Build.0 = Debug|Any CPU
		{DE8F65E6-17AC-4417-BF83-762C12884A64}.Release|Any CPU.ActiveCfg = Release|Any CPU
		{DE8F65E6-17AC-4417-BF83-762C12884A64}.Release|Any CPU.Build.0 = Release|Any CPU
		{DE8F65E6-17AC-4417-BF83-762C12884A64}.Release|x64.ActiveCfg = Release|Any CPU
		{DE8F65E6-17AC-4417-BF83-762C12884A64}.Release|x64.Build.0 = Release|Any CPU
		{DE8F65E6-17AC-4417-BF83-762C12884A64}.Release|x86.ActiveCfg = Release|Any CPU
		{DE8F65E6-17AC-4417-BF83-762C12884A64}.Release|x86.Build.0 = Release|Any CPU
		{50D71795-5BA0-4783-97E2-BEC459096D49}.Debug|Any CPU.ActiveCfg = Debug|Any CPU
		{50D71795-5BA0-4783-97E2-BEC459096D49}.Debug|Any CPU.Build.0 = Debug|Any CPU
		{50D71795-5BA0-4783-97E2-BEC459096D49}.Debug|x64.ActiveCfg = Debug|Any CPU
		{50D71795-5BA0-4783-97E2-BEC459096D49}.Debug|x64.Build.0 = Debug|Any CPU
		{50D71795-5BA0-4783-97E2-BEC459096D49}.Debug|x86.ActiveCfg = Debug|Any CPU
		{50D71795-5BA0-4783-97E2-BEC459096D49}.Debug|x86.Build.0 = Debug|Any CPU
		{50D71795-5BA0-4783-97E2-BEC459096D49}.Release|Any CPU.ActiveCfg = Release|Any CPU
		{50D71795-5BA0-4783-97E2-BEC459096D49}.Release|Any CPU.Build.0 = Release|Any CPU
		{50D71795-5BA0-4783-97E2-BEC459096D49}.Release|x64.ActiveCfg = Release|Any CPU
		{50D71795-5BA0-4783-97E2-BEC459096D49}.Release|x64.Build.0 = Release|Any CPU
		{50D71795-5BA0-4783-97E2-BEC459096D49}.Release|x86.ActiveCfg = Release|Any CPU
		{50D71795-5BA0-4783-97E2-BEC459096D49}.Release|x86.Build.0 = Release|Any CPU
		{360CD69B-C9DB-4160-BCF2-AAD4216CDB2C}.Debug|Any CPU.ActiveCfg = Debug|Any CPU
		{360CD69B-C9DB-4160-BCF2-AAD4216CDB2C}.Debug|Any CPU.Build.0 = Debug|Any CPU
		{360CD69B-C9DB-4160-BCF2-AAD4216CDB2C}.Debug|x64.ActiveCfg = Debug|Any CPU
		{360CD69B-C9DB-4160-BCF2-AAD4216CDB2C}.Debug|x64.Build.0 = Debug|Any CPU
		{360CD69B-C9DB-4160-BCF2-AAD4216CDB2C}.Debug|x86.ActiveCfg = Debug|Any CPU
		{360CD69B-C9DB-4160-BCF2-AAD4216CDB2C}.Debug|x86.Build.0 = Debug|Any CPU
		{360CD69B-C9DB-4160-BCF2-AAD4216CDB2C}.Release|Any CPU.ActiveCfg = Release|Any CPU
		{360CD69B-C9DB-4160-BCF2-AAD4216CDB2C}.Release|Any CPU.Build.0 = Release|Any CPU
		{360CD69B-C9DB-4160-BCF2-AAD4216CDB2C}.Release|x64.ActiveCfg = Release|Any CPU
		{360CD69B-C9DB-4160-BCF2-AAD4216CDB2C}.Release|x64.Build.0 = Release|Any CPU
		{360CD69B-C9DB-4160-BCF2-AAD4216CDB2C}.Release|x86.ActiveCfg = Release|Any CPU
		{360CD69B-C9DB-4160-BCF2-AAD4216CDB2C}.Release|x86.Build.0 = Release|Any CPU
		{638A511F-DC22-4325-AAF0-AFDF7942E0CC}.Debug|Any CPU.ActiveCfg = Debug|Any CPU
		{638A511F-DC22-4325-AAF0-AFDF7942E0CC}.Debug|Any CPU.Build.0 = Debug|Any CPU
		{638A511F-DC22-4325-AAF0-AFDF7942E0CC}.Debug|x64.ActiveCfg = Debug|Any CPU
		{638A511F-DC22-4325-AAF0-AFDF7942E0CC}.Debug|x64.Build.0 = Debug|Any CPU
		{638A511F-DC22-4325-AAF0-AFDF7942E0CC}.Debug|x86.ActiveCfg = Debug|Any CPU
		{638A511F-DC22-4325-AAF0-AFDF7942E0CC}.Debug|x86.Build.0 = Debug|Any CPU
		{638A511F-DC22-4325-AAF0-AFDF7942E0CC}.Release|Any CPU.ActiveCfg = Release|Any CPU
		{638A511F-DC22-4325-AAF0-AFDF7942E0CC}.Release|Any CPU.Build.0 = Release|Any CPU
		{638A511F-DC22-4325-AAF0-AFDF7942E0CC}.Release|x64.ActiveCfg = Release|Any CPU
		{638A511F-DC22-4325-AAF0-AFDF7942E0CC}.Release|x64.Build.0 = Release|Any CPU
		{638A511F-DC22-4325-AAF0-AFDF7942E0CC}.Release|x86.ActiveCfg = Release|Any CPU
		{638A511F-DC22-4325-AAF0-AFDF7942E0CC}.Release|x86.Build.0 = Release|Any CPU
		{CCD2E03E-EEAF-46BA-8EBB-8B9E6BB171A4}.Debug|Any CPU.ActiveCfg = Debug|Any CPU
		{CCD2E03E-EEAF-46BA-8EBB-8B9E6BB171A4}.Debug|Any CPU.Build.0 = Debug|Any CPU
		{CCD2E03E-EEAF-46BA-8EBB-8B9E6BB171A4}.Debug|x64.ActiveCfg = Debug|Any CPU
		{CCD2E03E-EEAF-46BA-8EBB-8B9E6BB171A4}.Debug|x64.Build.0 = Debug|Any CPU
		{CCD2E03E-EEAF-46BA-8EBB-8B9E6BB171A4}.Debug|x86.ActiveCfg = Debug|Any CPU
		{CCD2E03E-EEAF-46BA-8EBB-8B9E6BB171A4}.Debug|x86.Build.0 = Debug|Any CPU
		{CCD2E03E-EEAF-46BA-8EBB-8B9E6BB171A4}.Release|Any CPU.ActiveCfg = Release|Any CPU
		{CCD2E03E-EEAF-46BA-8EBB-8B9E6BB171A4}.Release|Any CPU.Build.0 = Release|Any CPU
		{CCD2E03E-EEAF-46BA-8EBB-8B9E6BB171A4}.Release|x64.ActiveCfg = Release|Any CPU
		{CCD2E03E-EEAF-46BA-8EBB-8B9E6BB171A4}.Release|x64.Build.0 = Release|Any CPU
		{CCD2E03E-EEAF-46BA-8EBB-8B9E6BB171A4}.Release|x86.ActiveCfg = Release|Any CPU
		{CCD2E03E-EEAF-46BA-8EBB-8B9E6BB171A4}.Release|x86.Build.0 = Release|Any CPU
		{46A1184A-45DB-4935-B5C7-5DF23A908362}.Debug|Any CPU.ActiveCfg = Debug|Any CPU
		{46A1184A-45DB-4935-B5C7-5DF23A908362}.Debug|Any CPU.Build.0 = Debug|Any CPU
		{46A1184A-45DB-4935-B5C7-5DF23A908362}.Debug|x64.ActiveCfg = Debug|Any CPU
		{46A1184A-45DB-4935-B5C7-5DF23A908362}.Debug|x64.Build.0 = Debug|Any CPU
		{46A1184A-45DB-4935-B5C7-5DF23A908362}.Debug|x86.ActiveCfg = Debug|Any CPU
		{46A1184A-45DB-4935-B5C7-5DF23A908362}.Debug|x86.Build.0 = Debug|Any CPU
		{46A1184A-45DB-4935-B5C7-5DF23A908362}.Release|Any CPU.ActiveCfg = Release|Any CPU
		{46A1184A-45DB-4935-B5C7-5DF23A908362}.Release|Any CPU.Build.0 = Release|Any CPU
		{46A1184A-45DB-4935-B5C7-5DF23A908362}.Release|x64.ActiveCfg = Release|Any CPU
		{46A1184A-45DB-4935-B5C7-5DF23A908362}.Release|x64.Build.0 = Release|Any CPU
		{46A1184A-45DB-4935-B5C7-5DF23A908362}.Release|x86.ActiveCfg = Release|Any CPU
		{46A1184A-45DB-4935-B5C7-5DF23A908362}.Release|x86.Build.0 = Release|Any CPU
	EndGlobalSection
	GlobalSection(SolutionProperties) = preSolution
		HideSolutionNode = FALSE
	EndGlobalSection
	GlobalSection(NestedProjects) = preSolution
		{DE8F65E6-17AC-4417-BF83-762C12884A64} = {827E0CD3-B72D-47B6-A68D-7590B98EB39B}
		{50D71795-5BA0-4783-97E2-BEC459096D49} = {827E0CD3-B72D-47B6-A68D-7590B98EB39B}
		{360CD69B-C9DB-4160-BCF2-AAD4216CDB2C} = {827E0CD3-B72D-47B6-A68D-7590B98EB39B}
		{638A511F-DC22-4325-AAF0-AFDF7942E0CC} = {827E0CD3-B72D-47B6-A68D-7590B98EB39B}
		{CCD2E03E-EEAF-46BA-8EBB-8B9E6BB171A4} = {0AB3BF05-4346-4AA6-1389-037BE0695223}
		{46A1184A-45DB-4935-B5C7-5DF23A908362} = {0AB3BF05-4346-4AA6-1389-037BE0695223}
	EndGlobalSection
EndGlobal
